
Microsoft Visual Studio Solution File, Format Version 12.00
# Visual Studio Version 17
VisualStudioVersion = 17.10.35122.118
MinimumVisualStudioVersion = 10.0.40219.1
Project("{FAE04EC0-301F-11D3-BF4B-00C04F79EFBC}") = "toDoList", "toDoList.csproj", "{4623A0C7-B0FA-4CDB-A947-920F0BA78747}"
EndProject
Global
	GlobalSection(SolutionConfigurationPlatforms) = preSolution
		Debug|Any CPU = Debug|Any CPU
		Release|Any CPU = Release|Any CPU
	EndGlobalSection
	GlobalSection(ProjectConfigurationPlatforms) = postSolution
		{4623A0C7-B0FA-4CDB-A947-920F0BA78747}.Debug|Any CPU.ActiveCfg = Debug|Any CPU
		{4623A0C7-B0FA-4CDB-A947-920F0BA78747}.Debug|Any CPU.Build.0 = Debug|Any CPU
		{4623A0C7-B0FA-4CDB-A947-920F0BA78747}.Release|Any CPU.ActiveCfg = Release|Any CPU
		{4623A0C7-B0FA-4CDB-A947-920F0BA78747}.Release|Any CPU.Build.0 = Release|Any CPU
	EndGlobalSection
	GlobalSection(SolutionProperties) = preSolution
		HideSolutionNode = FALSE
	EndGlobalSection
	GlobalSection(ExtensibilityGlobals) = postSolution
		SolutionGuid = {89A794BB-42B0-43DD-BE57-B64943926CFC}
	EndGlobalSection
EndGlobal
